{
  "name": "@ccspt/keycloak-angular-login",
  "version": "1.0.3",
  "lockfileVersion": 2,
  "requires": true,
  "packages": {
    "": {
      "name": "@ccspt/keycloak-angular-login",
      "version": "1.0.3",
      "dependencies": {
        "@capacitor/preferences": "^6.0.0",
        "@ngx-translate/core": "^15.0.0",
        "@ngx-translate/http-loader": "^8.0.0",
        "angular-oauth2-oidc": "^17.0.2",
        "angular-oauth2-oidc-jwks": "^17.0.2",
        "jwt-decode": "^4.0.0",
        "tslib": "^2.3.0"
      },
      "devDependencies": {
        "@ionic/angular": "^8.1.2"
      },
      "peerDependencies": {
        "@angular/common": "^17.3.0",
        "@angular/core": "^17.3.0"
      }
    },
    "node_modules/@capacitor/preferences": {
      "version": "6.0.3",
      "resolved": "https://registry.npmjs.org/@capacitor/preferences/-/preferences-6.0.3.tgz",
      "integrity": "sha512-3I1BbhhCBTMBziVvr0fU7RCRXqGvhUW/apHLRJSaJAWonASya5rp6AWsHv1lW1tkF0avUOMwp6e7iNA4UUGu8g==",
      "peerDependencies": {
        "@capacitor/core": "^6.0.0"
      }
    },
    "node_modules/@ionic/angular": {
      "version": "8.5.3",
      "resolved": "https://registry.npmjs.org/@ionic/angular/-/angular-8.5.3.tgz",
      "integrity": "sha512-s+N+W0LBU9fWuCX4wtkvmA2EDnKEo9UsypZkVpBehDWfmrdZ8zHMfvLxpBArWyV1rhR/eAkYLcvPuGsrRFDkJw==",
      "dev": true,
      "dependencies": {
        "@ionic/core": "8.5.3",
        "ionicons": "^7.0.0",
        "jsonc-parser": "^3.0.0",
        "tslib": "^2.3.0"
      },
      "peerDependencies": {
        "@angular/core": ">=16.0.0",
        "@angular/forms": ">=16.0.0",
        "@angular/router": ">=16.0.0",
        "rxjs": ">=7.5.0",
        "zone.js": ">=0.13.0"
      }
    },
    "node_modules/@ionic/core": {
      "version": "8.5.3",
      "resolved": "https://registry.npmjs.org/@ionic/core/-/core-8.5.3.tgz",
      "integrity": "sha512-AiBK1gpzi9Knd3xbGWkuFja/f8hQTt+FIubdHBcRThUSjzJLgqYsfiSGkcdEAMf/t5mtaqRUUN1UbCcf2Ue9Xg==",
      "dev": true,
      "dependencies": {
        "@stencil/core": "4.20.0",
        "ionicons": "^7.2.2",
        "tslib": "^2.1.0"
      }
    },
    "node_modules/@ngx-translate/core": {
      "version": "15.0.0",
      "resolved": "https://registry.npmjs.org/@ngx-translate/core/-/core-15.0.0.tgz",
      "integrity": "sha512-Am5uiuR0bOOxyoercDnAA3rJVizo4RRqJHo8N3RqJ+XfzVP/I845yEnMADykOHvM6HkVm4SZSnJBOiz0Anx5BA==",
      "engines": {
        "node": "^16.13.0 || >=18.10.0"
      },
      "peerDependencies": {
        "@angular/common": ">=16.0.0",
        "@angular/core": ">=16.0.0",
        "rxjs": "^6.5.5 || ^7.4.0"
      }
    },
    "node_modules/@ngx-translate/http-loader": {
      "version": "8.0.0",
      "resolved": "https://registry.npmjs.org/@ngx-translate/http-loader/-/http-loader-8.0.0.tgz",
      "integrity": "sha512-SFMsdUcmHF5OdZkL1CHEoSAwbP5EbAOPTLLboOCRRoOg21P4GJx+51jxGdJeGve6LSKLf4Pay7BkTwmE6vxYlg==",
      "engines": {
        "node": "^16.13.0 || >=18.10.0"
      },
      "peerDependencies": {
        "@angular/common": ">=16.0.0",
        "@angular/core": ">=16.0.0",
        "@ngx-translate/core": ">=15.0.0",
        "rxjs": "^6.5.5 || ^7.4.0"
      }
    },
    "node_modules/@stencil/core": {
      "version": "4.20.0",
      "resolved": "https://registry.npmjs.org/@stencil/core/-/core-4.20.0.tgz",
      "integrity": "sha512-WPrTHFngvN081RY+dJPneKQLwnOFD60OMCOQGmmSHfCW0f4ujPMzzhwWU1gcSwXPWXz5O+8cBiiCaxAbJU7kAg==",
      "dev": true,
      "bin": {
        "stencil": "bin/stencil"
      },
      "engines": {
        "node": ">=16.0.0",
        "npm": ">=7.10.0"
      }
    },
    "node_modules/angular-oauth2-oidc": {
      "version": "17.0.2",
      "resolved": "https://registry.npmjs.org/angular-oauth2-oidc/-/angular-oauth2-oidc-17.0.2.tgz",
      "integrity": "sha512-zYgeLmAnu1g8XAYZK+csAsCQBDhgp9ffBv/eArEnujGxNPTeK00bREHWObtehflpQdSn+k9rY2D15ChCSydyVw==",
      "dependencies": {
        "tslib": "^2.5.2"
      },
      "peerDependencies": {
        "@angular/common": ">=14.0.0",
        "@angular/core": ">=14.0.0"
      }
    },
    "node_modules/angular-oauth2-oidc-jwks": {
      "version": "17.0.2",
      "resolved": "https://registry.npmjs.org/angular-oauth2-oidc-jwks/-/angular-oauth2-oidc-jwks-17.0.2.tgz",
      "integrity": "sha512-zG0udq9VihQdCKfGjhUfrIg35TbxU34tGfOG/pddxKwJkodMAFI34cNoZoVyZ53hPgeZSDPra2rYyixkH7bkKw==",
      "dependencies": {
        "jsrsasign": "^11.0.0",
        "tslib": "^2.5.2"
      }
    },
    "node_modules/ionicons": {
      "version": "7.4.0",
      "resolved": "https://registry.npmjs.org/ionicons/-/ionicons-7.4.0.tgz",
      "integrity": "sha512-ZK94MMqgzMCPPMhmk8Ouu6goyVHFIlw/ACP6oe3FrikcI0N7CX0xcwVaEbUc0G/v3W0shI93vo+9ve/KpvcNhQ==",
      "dev": true,
      "dependencies": {
        "@stencil/core": "^4.0.3"
      }
    },
    "node_modules/jsonc-parser": {
      "version": "3.3.1",
      "resolved": "https://registry.npmjs.org/jsonc-parser/-/jsonc-parser-3.3.1.tgz",
      "integrity": "sha512-HUgH65KyejrUFPvHFPbqOY0rsFip3Bo5wb4ngvdi1EpCYWUQDC5V+Y7mZws+DLkr4M//zQJoanu1SP+87Dv1oQ==",
      "dev": true
    },
    "node_modules/jsrsasign": {
      "version": "11.1.0",
      "resolved": "https://registry.npmjs.org/jsrsasign/-/jsrsasign-11.1.0.tgz",
      "integrity": "sha512-Ov74K9GihaK9/9WncTe1mPmvrO7Py665TUfUKvraXBpu+xcTWitrtuOwcjf4KMU9maPaYn0OuaWy0HOzy/GBXg==",
      "funding": {
        "url": "https://github.com/kjur/jsrsasign#donations"
      }
    },
    "node_modules/jwt-decode": {
      "version": "4.0.0",
      "resolved": "https://registry.npmjs.org/jwt-decode/-/jwt-decode-4.0.0.tgz",
      "integrity": "sha512-+KJGIyHgkGuIq3IEBNftfhW/LfWhXUIY6OmyVWjliu5KH1y0fw7VQ8YndE2O4qZdMSd9SqbnC8GOcZEy0Om7sA==",
      "engines": {
        "node": ">=18"
      }
    },
    "node_modules/tslib": {
      "version": "2.8.1",
      "resolved": "https://registry.npmjs.org/tslib/-/tslib-2.8.1.tgz",
      "integrity": "sha512-oJFu94HQb+KVduSUQL7wnpmqnfmLsOA/nAh6b6EH0wCEoK0/mPeXU6c3wKDV83MkOuHPRHtSXKKU99IBazS/2w=="
    }
  },
  "dependencies": {
    "@capacitor/preferences": {
      "version": "6.0.3",
      "resolved": "https://registry.npmjs.org/@capacitor/preferences/-/preferences-6.0.3.tgz",
      "integrity": "sha512-3I1BbhhCBTMBziVvr0fU7RCRXqGvhUW/apHLRJSaJAWonASya5rp6AWsHv1lW1tkF0avUOMwp6e7iNA4UUGu8g=="
    },
    "@ionic/angular": {
      "version": "8.5.3",
      "resolved": "https://registry.npmjs.org/@ionic/angular/-/angular-8.5.3.tgz",
      "integrity": "sha512-s+N+W0LBU9fWuCX4wtkvmA2EDnKEo9UsypZkVpBehDWfmrdZ8zHMfvLxpBArWyV1rhR/eAkYLcvPuGsrRFDkJw==",
      "dev": true,
      "requires": {
        "@ionic/core": "8.5.3",
        "ionicons": "^7.0.0",
        "jsonc-parser": "^3.0.0",
        "tslib": "^2.3.0"
      }
    },
    "@ionic/core": {
      "version": "8.5.3",
      "resolved": "https://registry.npmjs.org/@ionic/core/-/core-8.5.3.tgz",
      "integrity": "sha512-AiBK1gpzi9Knd3xbGWkuFja/f8hQTt+FIubdHBcRThUSjzJLgqYsfiSGkcdEAMf/t5mtaqRUUN1UbCcf2Ue9Xg==",
      "dev": true,
      "requires": {
        "@stencil/core": "4.20.0",
        "ionicons": "^7.2.2",
        "tslib": "^2.1.0"
      }
    },
    "@ngx-translate/core": {
      "version": "15.0.0",
      "resolved": "https://registry.npmjs.org/@ngx-translate/core/-/core-15.0.0.tgz",
      "integrity": "sha512-Am5uiuR0bOOxyoercDnAA3rJVizo4RRqJHo8N3RqJ+XfzVP/I845yEnMADykOHvM6HkVm4SZSnJBOiz0Anx5BA=="
    },
    "@ngx-translate/http-loader": {
      "version": "8.0.0",
      "resolved": "https://registry.npmjs.org/@ngx-translate/http-loader/-/http-loader-8.0.0.tgz",
      "integrity": "sha512-SFMsdUcmHF5OdZkL1CHEoSAwbP5EbAOPTLLboOCRRoOg21P4GJx+51jxGdJeGve6LSKLf4Pay7BkTwmE6vxYlg=="
    },
    "@stencil/core": {
      "version": "4.20.0",
      "resolved": "https://registry.npmjs.org/@stencil/core/-/core-4.20.0.tgz",
      "integrity": "sha512-WPrTHFngvN081RY+dJPneKQLwnOFD60OMCOQGmmSHfCW0f4ujPMzzhwWU1gcSwXPWXz5O+8cBiiCaxAbJU7kAg==",
      "dev": true
    },
    "angular-oauth2-oidc": {
      "version": "17.0.2",
      "resolved": "https://registry.npmjs.org/angular-oauth2-oidc/-/angular-oauth2-oidc-17.0.2.tgz",
      "integrity": "sha512-zYgeLmAnu1g8XAYZK+csAsCQBDhgp9ffBv/eArEnujGxNPTeK00bREHWObtehflpQdSn+k9rY2D15ChCSydyVw==",
      "requires": {
        "tslib": "^2.5.2"
      }
    },
    "angular-oauth2-oidc-jwks": {
      "version": "17.0.2",
      "resolved": "https://registry.npmjs.org/angular-oauth2-oidc-jwks/-/angular-oauth2-oidc-jwks-17.0.2.tgz",
      "integrity": "sha512-zG0udq9VihQdCKfGjhUfrIg35TbxU34tGfOG/pddxKwJkodMAFI34cNoZoVyZ53hPgeZSDPra2rYyixkH7bkKw==",
      "requires": {
        "jsrsasign": "^11.0.0",
        "tslib": "^2.5.2"
      }
    },
    "ionicons": {
      "version": "7.4.0",
      "resolved": "https://registry.npmjs.org/ionicons/-/ionicons-7.4.0.tgz",
      "integrity": "sha512-ZK94MMqgzMCPPMhmk8Ouu6goyVHFIlw/ACP6oe3FrikcI0N7CX0xcwVaEbUc0G/v3W0shI93vo+9ve/KpvcNhQ==",
      "dev": true,
      "requires": {
        "@stencil/core": "^4.0.3"
      }
    },
    "jsonc-parser": {
      "version": "3.3.1",
      "resolved": "https://registry.npmjs.org/jsonc-parser/-/jsonc-parser-3.3.1.tgz",
      "integrity": "sha512-HUgH65KyejrUFPvHFPbqOY0rsFip3Bo5wb4ngvdi1EpCYWUQDC5V+Y7mZws+DLkr4M//zQJoanu1SP+87Dv1oQ==",
      "dev": true
    },
    "jsrsasign": {
      "version": "11.1.0",
      "resolved": "https://registry.npmjs.org/jsrsasign/-/jsrsasign-11.1.0.tgz",
      "integrity": "sha512-Ov74K9GihaK9/9WncTe1mPmvrO7Py665TUfUKvraXBpu+xcTWitrtuOwcjf4KMU9maPaYn0OuaWy0HOzy/GBXg=="
    },
    "jwt-decode": {
      "version": "4.0.0",
      "resolved": "https://registry.npmjs.org/jwt-decode/-/jwt-decode-4.0.0.tgz",
      "integrity": "sha512-+KJGIyHgkGuIq3IEBNftfhW/LfWhXUIY6OmyVWjliu5KH1y0fw7VQ8YndE2O4qZdMSd9SqbnC8GOcZEy0Om7sA=="
    },
    "tslib": {
      "version": "2.8.1",
      "resolved": "https://registry.npmjs.org/tslib/-/tslib-2.8.1.tgz",
      "integrity": "sha512-oJFu94HQb+KVduSUQL7wnpmqnfmLsOA/nAh6b6EH0wCEoK0/mPeXU6c3wKDV83MkOuHPRHtSXKKU99IBazS/2w=="
    }
  }
}
